# @generated - this file is auto-generated by `mise lock` https://mise.en.dev/dev-tools/mise-lock.html

[[tools.elixir]]
version = "1.17.3"
backend = "core:elixir"

[tools.elixir."platforms.linux-arm64"]
checksum = "sha256:ec481d8bb76d8007820e038ff258423e94ddb86d8ab910d1211efad37614b89e"
url = "https://builds.hex.pm/builds/elixir/v1.17.3.zip"

[tools.elixir."platforms.linux-arm64-musl"]
checksum = "sha256:ec481d8bb76d8007820e038ff258423e94ddb86d8ab910d1211efad37614b89e"
url = "https://builds.hex.pm/builds/elixir/v1.17.3.zip"

[tools.elixir."platforms.linux-x64"]
checksum = "sha256:ec481d8bb76d8007820e038ff258423e94ddb86d8ab910d1211efad37614b89e"
url = "https://builds.hex.pm/builds/elixir/v1.17.3.zip"

[tools.elixir."platforms.linux-x64-musl"]
checksum = "sha256:ec481d8bb76d8007820e038ff258423e94ddb86d8ab910d1211efad37614b89e"
url = "https://builds.hex.pm/builds/elixir/v1.17.3.zip"

[tools.elixir."platforms.macos-arm64"]
checksum = "sha256:ec481d8bb76d8007820e038ff258423e94ddb86d8ab910d1211efad37614b89e"
url = "https://builds.hex.pm/builds/elixir/v1.17.3.zip"

[tools.elixir."platforms.macos-x64"]
checksum = "sha256:ec481d8bb76d8007820e038ff258423e94ddb86d8ab910d1211efad37614b89e"
url = "https://builds.hex.pm/builds/elixir/v1.17.3.zip"

[tools.elixir."platforms.windows-x64"]
checksum = "sha256:ec481d8bb76d8007820e038ff258423e94ddb86d8ab910d1211efad37614b89e"
url = "https://builds.hex.pm/builds/elixir/v1.17.3.zip"

[[tools.erlang]]
version = "27.3.4.13"
backend = "core:erlang"

[tools.erlang.options]
precompiled = "if_available"
