# @generated - this file is auto-generated by `mise lock` https://mise.en.dev/dev-tools/mise-lock.html

[[tools.elixir]]
version = "1.17.3"
backend = "core:elixir"

[tools.elixir."platforms.linux-arm64"]
checksum = "sha256:ec481d8bb76d8007820e038ff258423e94ddb86d8ab910d1211efad37614b89e"
url = "https://builds.hex.pm/builds/elixir/v1.17.3.zip"

[tools.elixir."platforms.linux-arm64-musl"]
checksum = "sha256:ec481d8bb76d8007820e038ff258423e94ddb86d8ab910d1211efad37614b89e"
url = "https://builds.hex.pm/builds/elixir/v1.17.3.zip"

[tools.elixir."platforms.linux-x64"]
checksum = "sha256:ec481d8bb76d8007820e038ff258423e94ddb86d8ab910d1211efad37614b89e"
url = "https://builds.hex.pm/builds/elixir/v1.17.3.zip"

[tools.elixir."platforms.linux-x64-musl"]
checksum = "sha256:ec481d8bb76d8007820e038ff258423e94ddb86d8ab910d1211efad37614b89e"
url = "https://builds.hex.pm/builds/elixir/v1.17.3.zip"

[tools.elixir."platforms.macos-arm64"]
checksum = "sha256:ec481d8bb76d8007820e038ff258423e94ddb86d8ab910d1211efad37614b89e"
url = "https://builds.hex.pm/builds/elixir/v1.17.3.zip"

[tools.elixir."platforms.macos-x64"]
checksum = "sha256:ec481d8bb76d8007820e038ff258423e94ddb86d8ab910d1211efad37614b89e"
url = "https://builds.hex.pm/builds/elixir/v1.17.3.zip"

[tools.elixir."platforms.windows-x64"]
checksum = "sha256:ec481d8bb76d8007820e038ff258423e94ddb86d8ab910d1211efad37614b89e"
url = "https://builds.hex.pm/builds/elixir/v1.17.3.zip"

[[tools.erlang]]
version = "26.1"
backend = "core:erlang"

[tools.erlang.options]
precompiled = "if_available"

[tools.erlang."platforms.macos-arm64"]
url = "https://github.com/erlef/otp_builds/releases/download/OTP-26.1/otp-aarch64-apple-darwin.tar.gz"
url_api = "https://api.github.com/repos/erlef/otp_builds/releases/assets/201839243"

[tools.erlang."platforms.macos-x64"]
url = "https://github.com/erlef/otp_builds/releases/download/OTP-26.1/otp-x86_64-apple-darwin.tar.gz"
url_api = "https://api.github.com/repos/erlef/otp_builds/releases/assets/201840661"

[tools.erlang."platforms.windows-x64"]
url = "https://github.com/erlang/otp/releases/download/OTP-26.1/otp_win64_26.1.zip"
url_api = "https://api.github.com/repos/erlang/otp/releases/assets/192623158"
